
Microsoft Visual Studio Solution File, Format Version 12.00
# Visual Studio Version 17
VisualStudioVersion = 17.8.34316.72
MinimumVisualStudioVersion = 10.0.40219.1
Project("{FAE04EC0-301F-11D3-BF4B-00C04F79EFBC}") = "Pokemon_Ahmet_Ergun", "Pokemon_Ahmet_Ergun\Pokemon_Ahmet_Ergun.csproj", "{DA6E0CBE-3D32-4F36-A969-01FA4E85379D}"
EndProject
Global
	GlobalSection(SolutionConfigurationPlatforms) = preSolution
		Debug|Any CPU = Debug|Any CPU
		Release|Any CPU = Release|Any CPU
	EndGlobalSection
	GlobalSection(ProjectConfigurationPlatforms) = postSolution
		{DA6E0CBE-3D32-4F36-A969-01FA4E85379D}.Debug|Any CPU.ActiveCfg = Debug|Any CPU
		{DA6E0CBE-3D32-4F36-A969-01FA4E85379D}.Debug|Any CPU.Build.0 = Debug|Any CPU
		{DA6E0CBE-3D32-4F36-A969-01FA4E85379D}.Release|Any CPU.ActiveCfg = Release|Any CPU
		{DA6E0CBE-3D32-4F36-A969-01FA4E85379D}.Release|Any CPU.Build.0 = Release|Any CPU
	EndGlobalSection
	GlobalSection(SolutionProperties) = preSolution
		HideSolutionNode = FALSE
	EndGlobalSection
	GlobalSection(ExtensibilityGlobals) = postSolution
		SolutionGuid = {3599DCC7-01DA-4D6A-91F5-4A710A687D1E}
	EndGlobalSection
EndGlobal
